
Microsoft Visual Studio Solution File, Format Version 12.00
# Visual Studio Version 16
VisualStudioVersion = 16.0.31321.278
MinimumVisualStudioVersion = 10.0.40219.1
Project("{FAE04EC0-301F-11D3-BF4B-00C04F79EFBC}") = "QuiqBlog", "QuiqBlog\QuiqBlog.csproj", "{6FBD7E82-5AAF-4B3D-9A5F-3BCECA726E6F}"
EndProject
Project("{FAE04EC0-301F-11D3-BF4B-00C04F79EFBC}") = "QuiqBlog.Data", "QuiqBlog.Data\QuiqBlog.Data.csproj", "{2D7601EB-3990-4E69-8D33-74185FFA3268}"
EndProject
Project("{FAE04EC0-301F-11D3-BF4B-00C04F79EFBC}") = "QuiqBlog.Service", "QuiqBlog.Service\QuiqBlog.Service.csproj", "{61713B22-A52D-4C82-9124-3DF50E8C508B}"
EndProject
Global
	GlobalSection(SolutionConfigurationPlatforms) = preSolution
		Debug|Any CPU = Debug|Any CPU
		Release|Any CPU = Release|Any CPU
	EndGlobalSection
	GlobalSection(ProjectConfigurationPlatforms) = postSolution
		{6FBD7E82-5AAF-4B3D-9A5F-3BCECA726E6F}.Debug|Any CPU.ActiveCfg = Debug|Any CPU
		{6FBD7E82-5AAF-4B3D-9A5F-3BCECA726E6F}.Debug|Any CPU.Build.0 = Debug|Any CPU
		{6FBD7E82-5AAF-4B3D-9A5F-3BCECA726E6F}.Release|Any CPU.ActiveCfg = Release|Any CPU
		{6FBD7E82-5AAF-4B3D-9A5F-3BCECA726E6F}.Release|Any CPU.Build.0 = Release|Any CPU
		{2D7601EB-3990-4E69-8D33-74185FFA3268}.Debug|Any CPU.ActiveCfg = Debug|Any CPU
		{2D7601EB-3990-4E69-8D33-74185FFA3268}.Debug|Any CPU.Build.0 = Debug|Any CPU
		{2D7601EB-3990-4E69-8D33-74185FFA3268}.Release|Any CPU.ActiveCfg = Release|Any CPU
		{2D7601EB-3990-4E69-8D33-74185FFA3268}.Release|Any CPU.Build.0 = Release|Any CPU
		{61713B22-A52D-4C82-9124-3DF50E8C508B}.Debug|Any CPU.ActiveCfg = Debug|Any CPU
		{61713B22-A52D-4C82-9124-3DF50E8C508B}.Debug|Any CPU.Build.0 = Debug|Any CPU
		{61713B22-A52D-4C82-9124-3DF50E8C508B}.Release|Any CPU.ActiveCfg = Release|Any CPU
		{61713B22-A52D-4C82-9124-3DF50E8C508B}.Release|Any CPU.Build.0 = Release|Any CPU
	EndGlobalSection
	GlobalSection(SolutionProperties) = preSolution
		HideSolutionNode = FALSE
	EndGlobalSection
	GlobalSection(ExtensibilityGlobals) = postSolution
		SolutionGuid = {0BD76B29-BFA1-4713-889F-8A84FFCC84FE}
	EndGlobalSection
EndGlobal
